
Microsoft Visual Studio Solution File, Format Version 12.00
# Visual Studio Version 16
VisualStudioVersion = 16.0.31229.75
MinimumVisualStudioVersion = 10.0.40219.1
Project("{FAE04EC0-301F-11D3-BF4B-00C04F79EFBC}") = "TP5 - ejercicio 3", "TP5 - ejercicio 3.csproj", "{52CB6682-D590-4450-944C-2868F663E062}"
EndProject
Global
	GlobalSection(SolutionConfigurationPlatforms) = preSolution
		Debug|Any CPU = Debug|Any CPU
		Release|Any CPU = Release|Any CPU
	EndGlobalSection
	GlobalSection(ProjectConfigurationPlatforms) = postSolution
		{52CB6682-D590-4450-944C-2868F663E062}.Debug|Any CPU.ActiveCfg = Debug|Any CPU
		{52CB6682-D590-4450-944C-2868F663E062}.Debug|Any CPU.Build.0 = Debug|Any CPU
		{52CB6682-D590-4450-944C-2868F663E062}.Release|Any CPU.ActiveCfg = Release|Any CPU
		{52CB6682-D590-4450-944C-2868F663E062}.Release|Any CPU.Build.0 = Release|Any CPU
	EndGlobalSection
	GlobalSection(SolutionProperties) = preSolution
		HideSolutionNode = FALSE
	EndGlobalSection
	GlobalSection(ExtensibilityGlobals) = postSolution
		SolutionGuid = {74196CAC-04E3-4DE9-808A-D7781A813C9B}
	EndGlobalSection
EndGlobal
